// !$*UTF8*$!
{
	archiveVersion = 1;
	classes = {
	};
	objectVersion = 54;
	objects = {

/* Begin PBXBuildFile section */
		07A496954A674C3DB9041545 /* Nunito-LightItalic.ttf in Resources */ = {isa = PBXBuildFile; fileRef = 8DDAE8E93F2D4651A22D1882 /* Nunito-LightItalic.ttf */; };
		087EA4A7BE074F1C9FA480B7 /* Nunito-ExtraLight.ttf in Resources */ = {isa = PBXBuildFile; fileRef = 1872D96B58594795BDF6C766 /* Nunito-ExtraLight.ttf */; };
		0CD8BA6AD7814F8DB7A821F7 /* CascadiaCode-ExtraLightItalic.ttf in Resources */ = {isa = PBXBuildFile; fileRef = 7DDEBA1C438F415493ECFAB7 /* CascadiaCode-ExtraLightItalic.ttf */; };
		13B07FBF1A68108700A75B9A /* Images.xcassets in Resources */ = {isa = PBXBuildFile; fileRef = 13B07FB51A68108700A75B9A /* Images.xcassets */; };
		219A5BB6F1D3B29D02637BDD /* libPods-EnrichedTextInputExample.a in Frameworks */ = {isa = PBXBuildFile; fileRef = E8DCE097B35EECABC5E63B1D /* libPods-EnrichedTextInputExample.a */; };
		21F123CC4B834D2999D0E0AD /* OFL.txt in Resources */ = {isa = PBXBuildFile; fileRef = 674C8E7598D647768ECEC0E1 /* OFL.txt */; };
		271147C3BA434F6A84F4483F /* CascadiaCode-Italic.ttf in Resources */ = {isa = PBXBuildFile; fileRef = 6352E13F84F841D5A2BA25B4 /* CascadiaCode-Italic.ttf */; };
		31EE7B79626043278451F7C2 /* Nunito-MediumItalic.ttf in Resources */ = {isa = PBXBuildFile; fileRef = 56DFDD6005684613BABE1A5B /* Nunito-MediumItalic.ttf */; };
		44F3116C228D441D96648511 /* Nunito-Bold.ttf in Resources */ = {isa = PBXBuildFile; fileRef = DA817F04F35B4BA1A6C0BB7A /* Nunito-Bold.ttf */; };
		475EC9D8C2514408931549DD /* Nunito-Black.ttf in Resources */ = {isa = PBXBuildFile; fileRef = 012D53DFD8C6464DBF6E19E4 /* Nunito-Black.ttf */; };
		4FEAEB180FF94632ADFA7D7D /* Nunito-SemiBoldItalic.ttf in Resources */ = {isa = PBXBuildFile; fileRef = 78A78FF825C747578571B76F /* Nunito-SemiBoldItalic.ttf */; };
		56EDC86733EA478B9DA01878 /* CascadiaCode-Medium.ttf in Resources */ = {isa = PBXBuildFile; fileRef = 87375222174145AD85B4DE62 /* CascadiaCode-Medium.ttf */; };
		5B86D220CCF04C2A850EB7E8 /* CascadiaCode-MediumItalic.ttf in Resources */ = {isa = PBXBuildFile; fileRef = 78D6C09519344432B162E948 /* CascadiaCode-MediumItalic.ttf */; };
		6491322815F54E2A8CF781B9 /* Nunito-ExtraBoldItalic.ttf in Resources */ = {isa = PBXBuildFile; fileRef = B6D4F5AC2C5D41998A5643BB /* Nunito-ExtraBoldItalic.ttf */; };
		71808E445FEA4FCF902169F4 /* CascadiaCode-Italic-VariableFont_wght.ttf in Resources */ = {isa = PBXBuildFile; fileRef = 3A18DEB91C24449AA3ECE59A /* CascadiaCode-Italic-VariableFont_wght.ttf */; };
		71AA7E56B3D7424AB82C5D46 /* CascadiaCode-Bold.ttf in Resources */ = {isa = PBXBuildFile; fileRef = 79452663257A4B73B2308643 /* CascadiaCode-Bold.ttf */; };
		7273695A32B64C6EA43A124A /* Nunito-ExtraLightItalic.ttf in Resources */ = {isa = PBXBuildFile; fileRef = AFECE93D073F484A93612569 /* Nunito-ExtraLightItalic.ttf */; };
		761780ED2CA45674006654EE /* AppDelegate.swift in Sources */ = {isa = PBXBuildFile; fileRef = 761780EC2CA45674006654EE /* AppDelegate.swift */; };
		76440F80827A49FFA3B1BED5 /* FontAwesome.json in Resources */ = {isa = PBXBuildFile; fileRef = C667157990F34428AEE8CC93 /* FontAwesome.json */; };
		76D07A8A0593C01D41F81A54 /* PrivacyInfo.xcprivacy in Resources */ = {isa = PBXBuildFile; fileRef = 13B07FB81A68108700A75B9A /* PrivacyInfo.xcprivacy */; };
		7DE7F1D88B514FDB8C66ED56 /* CascadiaCode-Regular.ttf in Resources */ = {isa = PBXBuildFile; fileRef = 4E36300E55D4493B9BE898E6 /* CascadiaCode-Regular.ttf */; };
		81AB9BB82411601600AC10FF /* LaunchScreen.storyboard in Resources */ = {isa = PBXBuildFile; fileRef = 81AB9BB72411601600AC10FF /* LaunchScreen.storyboard */; };
		8378C8E95A614114A21F3687 /* CascadiaCode-BoldItalic.ttf in Resources */ = {isa = PBXBuildFile; fileRef = 5D1BB596339A4F8E8CBC2087 /* CascadiaCode-BoldItalic.ttf */; };
		86BAE2C940DB4ECEBA4017A6 /* Nunito-ExtraBold.ttf in Resources */ = {isa = PBXBuildFile; fileRef = DA75506A4F2A44D7B27420C8 /* Nunito-ExtraBold.ttf */; };
		88B97641EDA042B383FCFCAB /* README.txt in Resources */ = {isa = PBXBuildFile; fileRef = 8A425B9B75B9488EA0FDF624 /* README.txt */; };
		902D54BCFDB74DA0A807C1F4 /* CascadiaCode-LightItalic.ttf in Resources */ = {isa = PBXBuildFile; fileRef = 7FD036FA17B24AAFA7082B2A /* CascadiaCode-LightItalic.ttf */; };
		907A3D37EC6F4B9DA1B70348 /* CascadiaCode-ExtraLight.ttf in Resources */ = {isa = PBXBuildFile; fileRef = 4A13A7631B3C499C989AC38A /* CascadiaCode-ExtraLight.ttf */; };
		95A487B0B0A94AFDA7B10C06 /* FontAwesome.ttf in Resources */ = {isa = PBXBuildFile; fileRef = D133E950DA6A4BC0A97DDFFE /* FontAwesome.ttf */; };
		95CD2D9394AA4FD8B184FC56 /* Nunito-Light.ttf in Resources */ = {isa = PBXBuildFile; fileRef = 153B340F016F497BA045811A /* Nunito-Light.ttf */; };
		970142F6180042E5964006A6 /* CascadiaCode-Light.ttf in Resources */ = {isa = PBXBuildFile; fileRef = DA76D9192FE24EC28C84DE79 /* CascadiaCode-Light.ttf */; };
		A2B3511833CC42D2B563A6C8 /* Nunito-Medium.ttf in Resources */ = {isa = PBXBuildFile; fileRef = 974D908628154101A0445B89 /* Nunito-Medium.ttf */; };
		A9294579BC314C709C083877 /* Nunito-SemiBold.ttf in Resources */ = {isa = PBXBuildFile; fileRef = 375DF342F26841F6BF549CAB /* Nunito-SemiBold.ttf */; };
		B17531A20CBB4D92B0AF89A3 /* Nunito-Italic-VariableFont_wght.ttf in Resources */ = {isa = PBXBuildFile; fileRef = ABF6C071A9704D7F84EAC642 /* Nunito-Italic-VariableFont_wght.ttf */; };
		C59BBACF1E9D4EE080EAE3DC /* Nunito-BoldItalic.ttf in Resources */ = {isa = PBXBuildFile; fileRef = 7E08275110DC492AA81F5BE2 /* Nunito-BoldItalic.ttf */; };
		C80AB0BB2819464CBD323B30 /* Nunito-VariableFont_wght.ttf in Resources */ = {isa = PBXBuildFile; fileRef = 5D3162FFD8AA482CB6A0E084 /* Nunito-VariableFont_wght.ttf */; };
		D8B2038262614F14AE6245F0 /* CascadiaCode-SemiBoldItalic.ttf in Resources */ = {isa = PBXBuildFile; fileRef = 4DA2D2AB9E3743888DAD5779 /* CascadiaCode-SemiBoldItalic.ttf */; };
		DCB0457B1CAE40B29979CDB9 /* CascadiaCode-VariableFont_wght.ttf in Resources */ = {isa = PBXBuildFile; fileRef = D384E64346204A8C8E773595 /* CascadiaCode-VariableFont_wght.ttf */; };
		DE74CF65696442438B3E3F5C /* Nunito-Regular.ttf in Resources */ = {isa = PBXBuildFile; fileRef = 5D3228FB7E494D31805D6C01 /* Nunito-Regular.ttf */; };
		E64C1255A2B748B297BA8F1B /* Nunito-BlackItalic.ttf in Resources */ = {isa = PBXBuildFile; fileRef = 50E0071425F54B07BF7B82D6 /* Nunito-BlackItalic.ttf */; };
		EB8E1B7B820143BBA376237D /* Nunito-Italic.ttf in Resources */ = {isa = PBXBuildFile; fileRef = B6CB34AFACC240079497790D /* Nunito-Italic.ttf */; };
		F83E68A3773947EA87D1FD9C /* CascadiaCode-SemiBold.ttf in Resources */ = {isa = PBXBuildFile; fileRef = 3FD646A3FF0F4F33AC65021F /* CascadiaCode-SemiBold.ttf */; };
/* End PBXBuildFile section */

/* Begin PBXFileReference section */
		012D53DFD8C6464DBF6E19E4 /* Nunito-Black.ttf */ = {isa = PBXFileReference; explicitFileType = undefined; fileEncoding = undefined; includeInIndex = 0; lastKnownFileType = unknown; name = "Nunito-Black.ttf"; path = "../assets/fonts/Nunito/static/Nunito-Black.ttf"; sourceTree = "<group>"; };
		13B07F961A680F5B00A75B9A /* EnrichedTextInputExample.app */ = {isa = PBXFileReference; explicitFileType = wrapper.application; includeInIndex = 0; path = EnrichedTextInputExample.app; sourceTree = BUILT_PRODUCTS_DIR; };
		13B07FB51A68108700A75B9A /* Images.xcassets */ = {isa = PBXFileReference; lastKnownFileType = folder.assetcatalog; name = Images.xcassets; path = EnrichedTextInputExample/Images.xcassets; sourceTree = "<group>"; };
		13B07FB61A68108700A75B9A /* Info.plist */ = {isa = PBXFileReference; fileEncoding = 4; lastKnownFileType = text.plist.xml; name = Info.plist; path = EnrichedTextInputExample/Info.plist; sourceTree = "<group>"; };
		13B07FB81A68108700A75B9A /* PrivacyInfo.xcprivacy */ = {isa = PBXFileReference; fileEncoding = 4; lastKnownFileType = text.plist.xml; name = PrivacyInfo.xcprivacy; path = EnrichedTextInputExample/PrivacyInfo.xcprivacy; sourceTree = "<group>"; };
		153B340F016F497BA045811A /* Nunito-Light.ttf */ = {isa = PBXFileReference; explicitFileType = undefined; fileEncoding = undefined; includeInIndex = 0; lastKnownFileType = unknown; name = "Nunito-Light.ttf"; path = "../assets/fonts/Nunito/static/Nunito-Light.ttf"; sourceTree = "<group>"; };
		1872D96B58594795BDF6C766 /* Nunito-ExtraLight.ttf */ = {isa = PBXFileReference; explicitFileType = undefined; fileEncoding = undefined; includeInIndex = 0; lastKnownFileType = unknown; name = "Nunito-ExtraLight.ttf"; path = "../assets/fonts/Nunito/static/Nunito-ExtraLight.ttf"; sourceTree = "<group>"; };
		375DF342F26841F6BF549CAB /* Nunito-SemiBold.ttf */ = {isa = PBXFileReference; explicitFileType = undefined; fileEncoding = undefined; includeInIndex = 0; lastKnownFileType = unknown; name = "Nunito-SemiBold.ttf"; path = "../assets/fonts/Nunito/static/Nunito-SemiBold.ttf"; sourceTree = "<group>"; };
		3A18DEB91C24449AA3ECE59A /* CascadiaCode-Italic-VariableFont_wght.ttf */ = {isa = PBXFileReference; explicitFileType = undefined; fileEncoding = undefined; includeInIndex = 0; lastKnownFileType = unknown; name = "CascadiaCode-Italic-VariableFont_wght.ttf"; path = "../assets/fonts/Cascadia_Code/CascadiaCode-Italic-VariableFont_wght.ttf"; sourceTree = "<group>"; };
		3FD646A3FF0F4F33AC65021F /* CascadiaCode-SemiBold.ttf */ = {isa = PBXFileReference; explicitFileType = undefined; fileEncoding = undefined; includeInIndex = 0; lastKnownFileType = unknown; name = "CascadiaCode-SemiBold.ttf"; path = "../assets/fonts/Cascadia_Code/static/CascadiaCode-SemiBold.ttf"; sourceTree = "<group>"; };
		4A13A7631B3C499C989AC38A /* CascadiaCode-ExtraLight.ttf */ = {isa = PBXFileReference; explicitFileType = undefined; fileEncoding = undefined; includeInIndex = 0; lastKnownFileType = unknown; name = "CascadiaCode-ExtraLight.ttf"; path = "../assets/fonts/Cascadia_Code/static/CascadiaCode-ExtraLight.ttf"; sourceTree = "<group>"; };
		4DA2D2AB9E3743888DAD5779 /* CascadiaCode-SemiBoldItalic.ttf */ = {isa = PBXFileReference; explicitFileType = undefined; fileEncoding = undefined; includeInIndex = 0; lastKnownFileType = unknown; name = "CascadiaCode-SemiBoldItalic.ttf"; path = "../assets/fonts/Cascadia_Code/static/CascadiaCode-SemiBoldItalic.ttf"; sourceTree = "<group>"; };
		4E36300E55D4493B9BE898E6 /* CascadiaCode-Regular.ttf */ = {isa = PBXFileReference; explicitFileType = undefined; fileEncoding = undefined; includeInIndex = 0; lastKnownFileType = unknown; name = "CascadiaCode-Regular.ttf"; path = "../assets/fonts/Cascadia_Code/static/CascadiaCode-Regular.ttf"; sourceTree = "<group>"; };
		50E0071425F54B07BF7B82D6 /* Nunito-BlackItalic.ttf */ = {isa = PBXFileReference; explicitFileType = undefined; fileEncoding = undefined; includeInIndex = 0; lastKnownFileType = unknown; name = "Nunito-BlackItalic.ttf"; path = "../assets/fonts/Nunito/static/Nunito-BlackItalic.ttf"; sourceTree = "<group>"; };
		56DFDD6005684613BABE1A5B /* Nunito-MediumItalic.ttf */ = {isa = PBXFileReference; explicitFileType = undefined; fileEncoding = undefined; includeInIndex = 0; lastKnownFileType = unknown; name = "Nunito-MediumItalic.ttf"; path = "../assets/fonts/Nunito/static/Nunito-MediumItalic.ttf"; sourceTree = "<group>"; };
		5D1BB596339A4F8E8CBC2087 /* CascadiaCode-BoldItalic.ttf */ = {isa = PBXFileReference; explicitFileType = undefined; fileEncoding = undefined; includeInIndex = 0; lastKnownFileType = unknown; name = "CascadiaCode-BoldItalic.ttf"; path = "../assets/fonts/Cascadia_Code/static/CascadiaCode-BoldItalic.ttf"; sourceTree = "<group>"; };
		5D3162FFD8AA482CB6A0E084 /* Nunito-VariableFont_wght.ttf */ = {isa = PBXFileReference; explicitFileType = undefined; fileEncoding = undefined; includeInIndex = 0; lastKnownFileType = unknown; name = "Nunito-VariableFont_wght.ttf"; path = "../assets/fonts/Nunito/Nunito-VariableFont_wght.ttf"; sourceTree = "<group>"; };
		5D3228FB7E494D31805D6C01 /* Nunito-Regular.ttf */ = {isa = PBXFileReference; explicitFileType = undefined; fileEncoding = undefined; includeInIndex = 0; lastKnownFileType = unknown; name = "Nunito-Regular.ttf"; path = "../assets/fonts/Nunito/static/Nunito-Regular.ttf"; sourceTree = "<group>"; };
		6352E13F84F841D5A2BA25B4 /* CascadiaCode-Italic.ttf */ = {isa = PBXFileReference; explicitFileType = undefined; fileEncoding = undefined; includeInIndex = 0; lastKnownFileType = unknown; name = "CascadiaCode-Italic.ttf"; path = "../assets/fonts/Cascadia_Code/static/CascadiaCode-Italic.ttf"; sourceTree = "<group>"; };
		674C8E7598D647768ECEC0E1 /* OFL.txt */ = {isa = PBXFileReference; explicitFileType = undefined; fileEncoding = undefined; includeInIndex = 0; lastKnownFileType = unknown; name = OFL.txt; path = ../assets/fonts/Cascadia_Code/OFL.txt; sourceTree = "<group>"; };
		761780EC2CA45674006654EE /* AppDelegate.swift */ = {isa = PBXFileReference; lastKnownFileType = sourcecode.swift; name = AppDelegate.swift; path = EnrichedTextInputExample/AppDelegate.swift; sourceTree = "<group>"; };
		78A78FF825C747578571B76F /* Nunito-SemiBoldItalic.ttf */ = {isa = PBXFileReference; explicitFileType = undefined; fileEncoding = undefined; includeInIndex = 0; lastKnownFileType = unknown; name = "Nunito-SemiBoldItalic.ttf"; path = "../assets/fonts/Nunito/static/Nunito-SemiBoldItalic.ttf"; sourceTree = "<group>"; };
		78D6C09519344432B162E948 /* CascadiaCode-MediumItalic.ttf */ = {isa = PBXFileReference; explicitFileType = undefined; fileEncoding = undefined; includeInIndex = 0; lastKnownFileType = unknown; name = "CascadiaCode-MediumItalic.ttf"; path = "../assets/fonts/Cascadia_Code/static/CascadiaCode-MediumItalic.ttf"; sourceTree = "<group>"; };
		79452663257A4B73B2308643 /* CascadiaCode-Bold.ttf */ = {isa = PBXFileReference; explicitFileType = undefined; fileEncoding = undefined; includeInIndex = 0; lastKnownFileType = unknown; name = "CascadiaCode-Bold.ttf"; path = "../assets/fonts/Cascadia_Code/static/CascadiaCode-Bold.ttf"; sourceTree = "<group>"; };
		7DDEBA1C438F415493ECFAB7 /* CascadiaCode-ExtraLightItalic.ttf */ = {isa = PBXFileReference; explicitFileType = undefined; fileEncoding = undefined; includeInIndex = 0; lastKnownFileType = unknown; name = "CascadiaCode-ExtraLightItalic.ttf"; path = "../assets/fonts/Cascadia_Code/static/CascadiaCode-ExtraLightItalic.ttf"; sourceTree = "<group>"; };
		7E08275110DC492AA81F5BE2 /* Nunito-BoldItalic.ttf */ = {isa = PBXFileReference; explicitFileType = undefined; fileEncoding = undefined; includeInIndex = 0; lastKnownFileType = unknown; name = "Nunito-BoldItalic.ttf"; path = "../assets/fonts/Nunito/static/Nunito-BoldItalic.ttf"; sourceTree = "<group>"; };
		7FD036FA17B24AAFA7082B2A /* CascadiaCode-LightItalic.ttf */ = {isa = PBXFileReference; explicitFileType = undefined; fileEncoding = undefined; includeInIndex = 0; lastKnownFileType = unknown; name = "CascadiaCode-LightItalic.ttf"; path = "../assets/fonts/Cascadia_Code/static/CascadiaCode-LightItalic.ttf"; sourceTree = "<group>"; };
		81AB9BB72411601600AC10FF /* LaunchScreen.storyboard */ = {isa = PBXFileReference; fileEncoding = 4; lastKnownFileType = file.storyboard; name = LaunchScreen.storyboard; path = EnrichedTextInputExample/LaunchScreen.storyboard; sourceTree = "<group>"; };
		87375222174145AD85B4DE62 /* CascadiaCode-Medium.ttf */ = {isa = PBXFileReference; explicitFileType = undefined; fileEncoding = undefined; includeInIndex = 0; lastKnownFileType = unknown; name = "CascadiaCode-Medium.ttf"; path = "../assets/fonts/Cascadia_Code/static/CascadiaCode-Medium.ttf"; sourceTree = "<group>"; };
		8A425B9B75B9488EA0FDF624 /* README.txt */ = {isa = PBXFileReference; explicitFileType = undefined; fileEncoding = undefined; includeInIndex = 0; lastKnownFileType = unknown; name = README.txt; path = ../assets/fonts/Cascadia_Code/README.txt; sourceTree = "<group>"; };
		8DDAE8E93F2D4651A22D1882 /* Nunito-LightItalic.ttf */ = {isa = PBXFileReference; explicitFileType = undefined; fileEncoding = undefined; includeInIndex = 0; lastKnownFileType = unknown; name = "Nunito-LightItalic.ttf"; path = "../assets/fonts/Nunito/static/Nunito-LightItalic.ttf"; sourceTree = "<group>"; };
		974D908628154101A0445B89 /* Nunito-Medium.ttf */ = {isa = PBXFileReference; explicitFileType = undefined; fileEncoding = undefined; includeInIndex = 0; lastKnownFileType = unknown; name = "Nunito-Medium.ttf"; path = "../assets/fonts/Nunito/static/Nunito-Medium.ttf"; sourceTree = "<group>"; };
		AA81A37139AA0F868AEDF653 /* Pods-EnrichedTextInputExample.release.xcconfig */ = {isa = PBXFileReference; includeInIndex = 1; lastKnownFileType = text.xcconfig; name = "Pods-EnrichedTextInputExample.release.xcconfig"; path = "Target Support Files/Pods-EnrichedTextInputExample/Pods-EnrichedTextInputExample.release.xcconfig"; sourceTree = "<group>"; };
		ABF6C071A9704D7F84EAC642 /* Nunito-Italic-VariableFont_wght.ttf */ = {isa = PBXFileReference; explicitFileType = undefined; fileEncoding = undefined; includeInIndex = 0; lastKnownFileType = unknown; name = "Nunito-Italic-VariableFont_wght.ttf"; path = "../assets/fonts/Nunito/Nunito-Italic-VariableFont_wght.ttf"; sourceTree = "<group>"; };
		AFECE93D073F484A93612569 /* Nunito-ExtraLightItalic.ttf */ = {isa = PBXFileReference; explicitFileType = undefined; fileEncoding = undefined; includeInIndex = 0; lastKnownFileType = unknown; name = "Nunito-ExtraLightItalic.ttf"; path = "../assets/fonts/Nunito/static/Nunito-ExtraLightItalic.ttf"; sourceTree = "<group>"; };
		B6CB34AFACC240079497790D /* Nunito-Italic.ttf */ = {isa = PBXFileReference; explicitFileType = undefined; fileEncoding = undefined; includeInIndex = 0; lastKnownFileType = unknown; name = "Nunito-Italic.ttf"; path = "../assets/fonts/Nunito/static/Nunito-Italic.ttf"; sourceTree = "<group>"; };
		B6D4F5AC2C5D41998A5643BB /* Nunito-ExtraBoldItalic.ttf */ = {isa = PBXFileReference; explicitFileType = undefined; fileEncoding = undefined; includeInIndex = 0; lastKnownFileType = unknown; name = "Nunito-ExtraBoldItalic.ttf"; path = "../assets/fonts/Nunito/static/Nunito-ExtraBoldItalic.ttf"; sourceTree = "<group>"; };
		C667157990F34428AEE8CC93 /* FontAwesome.json */ = {isa = PBXFileReference; explicitFileType = undefined; fileEncoding = undefined; includeInIndex = 0; lastKnownFileType = unknown; name = FontAwesome.json; path = ../assets/icons/FontAwesome.json; sourceTree = "<group>"; };
		D133E950DA6A4BC0A97DDFFE /* FontAwesome.ttf */ = {isa = PBXFileReference; explicitFileType = undefined; fileEncoding = undefined; includeInIndex = 0; lastKnownFileType = unknown; name = FontAwesome.ttf; path = ../assets/icons/FontAwesome.ttf; sourceTree = "<group>"; };
		D384E64346204A8C8E773595 /* CascadiaCode-VariableFont_wght.ttf */ = {isa = PBXFileReference; explicitFileType = undefined; fileEncoding = undefined; includeInIndex = 0; lastKnownFileType = unknown; name = "CascadiaCode-VariableFont_wght.ttf"; path = "../assets/fonts/Cascadia_Code/CascadiaCode-VariableFont_wght.ttf"; sourceTree = "<group>"; };
		DA75506A4F2A44D7B27420C8 /* Nunito-ExtraBold.ttf */ = {isa = PBXFileReference; explicitFileType = undefined; fileEncoding = undefined; includeInIndex = 0; lastKnownFileType = unknown; name = "Nunito-ExtraBold.ttf"; path = "../assets/fonts/Nunito/static/Nunito-ExtraBold.ttf"; sourceTree = "<group>"; };
		DA76D9192FE24EC28C84DE79 /* CascadiaCode-Light.ttf */ = {isa = PBXFileReference; explicitFileType = undefined; fileEncoding = undefined; includeInIndex = 0; lastKnownFileType = unknown; name = "CascadiaCode-Light.ttf"; path = "../assets/fonts/Cascadia_Code/static/CascadiaCode-Light.ttf"; sourceTree = "<group>"; };
		DA817F04F35B4BA1A6C0BB7A /* Nunito-Bold.ttf */ = {isa = PBXFileReference; explicitFileType = undefined; fileEncoding = undefined; includeInIndex = 0; lastKnownFileType = unknown; name = "Nunito-Bold.ttf"; path = "../assets/fonts/Nunito/static/Nunito-Bold.ttf"; sourceTree = "<group>"; };
		DAD5D84BD1DE716702FEE320 /* Pods-EnrichedTextInputExample.debug.xcconfig */ = {isa = PBXFileReference; includeInIndex = 1; lastKnownFileType = text.xcconfig; name = "Pods-EnrichedTextInputExample.debug.xcconfig"; path = "Target Support Files/Pods-EnrichedTextInputExample/Pods-EnrichedTextInputExample.debug.xcconfig"; sourceTree = "<group>"; };
		E8DCE097B35EECABC5E63B1D /* libPods-EnrichedTextInputExample.a */ = {isa = PBXFileReference; explicitFileType = archive.ar; includeInIndex = 0; path = "libPods-EnrichedTextInputExample.a"; sourceTree = BUILT_PRODUCTS_DIR; };
		ED297162215061F000B7C4FE /* JavaScriptCore.framework */ = {isa = PBXFileReference; lastKnownFileType = wrapper.framework; name = JavaScriptCore.framework; path = System/Library/Frameworks/JavaScriptCore.framework; sourceTree = SDKROOT; };
/* End PBXFileReference section */

/* Begin PBXFrameworksBuildPhase section */
		13B07F8C1A680F5B00A75B9A /* Frameworks */ = {
			isa = PBXFrameworksBuildPhase;
			buildActionMask = 2147483647;
			files = (
				219A5BB6F1D3B29D02637BDD /* libPods-EnrichedTextInputExample.a in Frameworks */,
			);
			runOnlyForDeploymentPostprocessing = 0;
		};
/* End PBXFrameworksBuildPhase section */

/* Begin PBXGroup section */
		13B07FAE1A68108700A75B9A /* EnrichedTextInputExample */ = {
			isa = PBXGroup;
			children = (
				13B07FB51A68108700A75B9A /* Images.xcassets */,
				761780EC2CA45674006654EE /* AppDelegate.swift */,
				13B07FB61A68108700A75B9A /* Info.plist */,
				81AB9BB72411601600AC10FF /* LaunchScreen.storyboard */,
				13B07FB81A68108700A75B9A /* PrivacyInfo.xcprivacy */,
			);
			name = EnrichedTextInputExample;
			sourceTree = "<group>";
		};
		2D16E6871FA4F8E400B85C8A /* Frameworks */ = {
			isa = PBXGroup;
			children = (
				ED297162215061F000B7C4FE /* JavaScriptCore.framework */,
				E8DCE097B35EECABC5E63B1D /* libPods-EnrichedTextInputExample.a */,
			);
			name = Frameworks;
			sourceTree = "<group>";
		};
		832341AE1AAA6A7D00B99B32 /* Libraries */ = {
			isa = PBXGroup;
			children = (
			);
			name = Libraries;
			sourceTree = "<group>";
		};
		83CBB9F61A601CBA00E9B192 = {
			isa = PBXGroup;
			children = (
				13B07FAE1A68108700A75B9A /* EnrichedTextInputExample */,
				832341AE1AAA6A7D00B99B32 /* Libraries */,
				83CBBA001A601CBA00E9B192 /* Products */,
				2D16E6871FA4F8E400B85C8A /* Frameworks */,
				BBD78D7AC51CEA395F1C20DB /* Pods */,
				E4E5B0CDA0C9475CBC2552DE /* Resources */,
			);
			indentWidth = 2;
			sourceTree = "<group>";
			tabWidth = 2;
			usesTabs = 0;
		};
		83CBBA001A601CBA00E9B192 /* Products */ = {
			isa = PBXGroup;
			children = (
				13B07F961A680F5B00A75B9A /* EnrichedTextInputExample.app */,
			);
			name = Products;
			sourceTree = "<group>";
		};
		BBD78D7AC51CEA395F1C20DB /* Pods */ = {
			isa = PBXGroup;
			children = (
				DAD5D84BD1DE716702FEE320 /* Pods-EnrichedTextInputExample.debug.xcconfig */,
				AA81A37139AA0F868AEDF653 /* Pods-EnrichedTextInputExample.release.xcconfig */,
			);
			path = Pods;
			sourceTree = "<group>";
		};
		E4E5B0CDA0C9475CBC2552DE /* Resources */ = {
			isa = PBXGroup;
			children = (
				3A18DEB91C24449AA3ECE59A /* CascadiaCode-Italic-VariableFont_wght.ttf */,
				D384E64346204A8C8E773595 /* CascadiaCode-VariableFont_wght.ttf */,
				79452663257A4B73B2308643 /* CascadiaCode-Bold.ttf */,
				5D1BB596339A4F8E8CBC2087 /* CascadiaCode-BoldItalic.ttf */,
				4A13A7631B3C499C989AC38A /* CascadiaCode-ExtraLight.ttf */,
				7DDEBA1C438F415493ECFAB7 /* CascadiaCode-ExtraLightItalic.ttf */,
				6352E13F84F841D5A2BA25B4 /* CascadiaCode-Italic.ttf */,
				DA76D9192FE24EC28C84DE79 /* CascadiaCode-Light.ttf */,
				7FD036FA17B24AAFA7082B2A /* CascadiaCode-LightItalic.ttf */,
				87375222174145AD85B4DE62 /* CascadiaCode-Medium.ttf */,
				78D6C09519344432B162E948 /* CascadiaCode-MediumItalic.ttf */,
				4E36300E55D4493B9BE898E6 /* CascadiaCode-Regular.ttf */,
				3FD646A3FF0F4F33AC65021F /* CascadiaCode-SemiBold.ttf */,
				4DA2D2AB9E3743888DAD5779 /* CascadiaCode-SemiBoldItalic.ttf */,
				674C8E7598D647768ECEC0E1 /* OFL.txt */,
				8A425B9B75B9488EA0FDF624 /* README.txt */,
				D133E950DA6A4BC0A97DDFFE /* FontAwesome.ttf */,
				C667157990F34428AEE8CC93 /* FontAwesome.json */,
				ABF6C071A9704D7F84EAC642 /* Nunito-Italic-VariableFont_wght.ttf */,
				5D3162FFD8AA482CB6A0E084 /* Nunito-VariableFont_wght.ttf */,
				012D53DFD8C6464DBF6E19E4 /* Nunito-Black.ttf */,
				50E0071425F54B07BF7B82D6 /* Nunito-BlackItalic.ttf */,
				DA817F04F35B4BA1A6C0BB7A /* Nunito-Bold.ttf */,
				7E08275110DC492AA81F5BE2 /* Nunito-BoldItalic.ttf */,
				DA75506A4F2A44D7B27420C8 /* Nunito-ExtraBold.ttf */,
				B6D4F5AC2C5D41998A5643BB /* Nunito-ExtraBoldItalic.ttf */,
				1872D96B58594795BDF6C766 /* Nunito-ExtraLight.ttf */,
				AFECE93D073F484A93612569 /* Nunito-ExtraLightItalic.ttf */,
				B6CB34AFACC240079497790D /* Nunito-Italic.ttf */,
				153B340F016F497BA045811A /* Nunito-Light.ttf */,
				8DDAE8E93F2D4651A22D1882 /* Nunito-LightItalic.ttf */,
				974D908628154101A0445B89 /* Nunito-Medium.ttf */,
				56DFDD6005684613BABE1A5B /* Nunito-MediumItalic.ttf */,
				5D3228FB7E494D31805D6C01 /* Nunito-Regular.ttf */,
				375DF342F26841F6BF549CAB /* Nunito-SemiBold.ttf */,
				78A78FF825C747578571B76F /* Nunito-SemiBoldItalic.ttf */,
			);
			name = Resources;
			path = "";
			sourceTree = "<group>";
		};
/* End PBXGroup section */

/* Begin PBXNativeTarget section */
		13B07F861A680F5B00A75B9A /* EnrichedTextInputExample */ = {
			isa = PBXNativeTarget;
			buildConfigurationList = 13B07F931A680F5B00A75B9A /* Build configuration list for PBXNativeTarget "EnrichedTextInputExample" */;
			buildPhases = (
				A50CE2FBC2FD9685D1D5371C /* [CP] Check Pods Manifest.lock */,
				13B07F871A680F5B00A75B9A /* Sources */,
				13B07F8C1A680F5B00A75B9A /* Frameworks */,
				13B07F8E1A680F5B00A75B9A /* Resources */,
				00DD1BFF1BD5951E006B06BC /* Bundle React Native code and images */,
				31FF950657BD488E3A7B5696 /* [CP] Embed Pods Frameworks */,
				20E79B7D1280021E4298A12B /* [CP] Copy Pods Resources */,
			);
			buildRules = (
			);
			dependencies = (
			);
			name = EnrichedTextInputExample;
			productName = EnrichedTextInputExample;
			productReference = 13B07F961A680F5B00A75B9A /* EnrichedTextInputExample.app */;
			productType = "com.apple.product-type.application";
		};
/* End PBXNativeTarget section */

/* Begin PBXProject section */
		83CBB9F71A601CBA00E9B192 /* Project object */ = {
			isa = PBXProject;
			attributes = {
				LastUpgradeCheck = 1210;
				TargetAttributes = {
					13B07F861A680F5B00A75B9A = {
						LastSwiftMigration = 1120;
					};
				};
			};
			buildConfigurationList = 83CBB9FA1A601CBA00E9B192 /* Build configuration list for PBXProject "EnrichedTextInputExample" */;
			compatibilityVersion = "Xcode 12.0";
			developmentRegion = en;
			hasScannedForEncodings = 0;
			knownRegions = (
				en,
				Base,
			);
			mainGroup = 83CBB9F61A601CBA00E9B192;
			productRefGroup = 83CBBA001A601CBA00E9B192 /* Products */;
			projectDirPath = "";
			projectRoot = "";
			targets = (
				13B07F861A680F5B00A75B9A /* EnrichedTextInputExample */,
			);
		};
/* End PBXProject section */

/* Begin PBXResourcesBuildPhase section */
		13B07F8E1A680F5B00A75B9A /* Resources */ = {
			isa = PBXResourcesBuildPhase;
			buildActionMask = 2147483647;
			files = (
				81AB9BB82411601600AC10FF /* LaunchScreen.storyboard in Resources */,
				13B07FBF1A68108700A75B9A /* Images.xcassets in Resources */,
				76D07A8A0593C01D41F81A54 /* PrivacyInfo.xcprivacy in Resources */,
				71808E445FEA4FCF902169F4 /* CascadiaCode-Italic-VariableFont_wght.ttf in Resources */,
				DCB0457B1CAE40B29979CDB9 /* CascadiaCode-VariableFont_wght.ttf in Resources */,
				71AA7E56B3D7424AB82C5D46 /* CascadiaCode-Bold.ttf in Resources */,
				8378C8E95A614114A21F3687 /* CascadiaCode-BoldItalic.ttf in Resources */,
				907A3D37EC6F4B9DA1B70348 /* CascadiaCode-ExtraLight.ttf in Resources */,
				0CD8BA6AD7814F8DB7A821F7 /* CascadiaCode-ExtraLightItalic.ttf in Resources */,
				271147C3BA434F6A84F4483F /* CascadiaCode-Italic.ttf in Resources */,
				970142F6180042E5964006A6 /* CascadiaCode-Light.ttf in Resources */,
				902D54BCFDB74DA0A807C1F4 /* CascadiaCode-LightItalic.ttf in Resources */,
				56EDC86733EA478B9DA01878 /* CascadiaCode-Medium.ttf in Resources */,
				5B86D220CCF04C2A850EB7E8 /* CascadiaCode-MediumItalic.ttf in Resources */,
				7DE7F1D88B514FDB8C66ED56 /* CascadiaCode-Regular.ttf in Resources */,
				F83E68A3773947EA87D1FD9C /* CascadiaCode-SemiBold.ttf in Resources */,
				D8B2038262614F14AE6245F0 /* CascadiaCode-SemiBoldItalic.ttf in Resources */,
				21F123CC4B834D2999D0E0AD /* OFL.txt in Resources */,
				88B97641EDA042B383FCFCAB /* README.txt in Resources */,
				95A487B0B0A94AFDA7B10C06 /* FontAwesome.ttf in Resources */,
				76440F80827A49FFA3B1BED5 /* FontAwesome.json in Resources */,
				B17531A20CBB4D92B0AF89A3 /* Nunito-Italic-VariableFont_wght.ttf in Resources */,
				C80AB0BB2819464CBD323B30 /* Nunito-VariableFont_wght.ttf in Resources */,
				475EC9D8C2514408931549DD /* Nunito-Black.ttf in Resources */,
				E64C1255A2B748B297BA8F1B /* Nunito-BlackItalic.ttf in Resources */,
				44F3116C228D441D96648511 /* Nunito-Bold.ttf in Resources */,
				C59BBACF1E9D4EE080EAE3DC /* Nunito-BoldItalic.ttf in Resources */,
				86BAE2C940DB4ECEBA4017A6 /* Nunito-ExtraBold.ttf in Resources */,
				6491322815F54E2A8CF781B9 /* Nunito-ExtraBoldItalic.ttf in Resources */,
				087EA4A7BE074F1C9FA480B7 /* Nunito-ExtraLight.ttf in Resources */,
				7273695A32B64C6EA43A124A /* Nunito-ExtraLightItalic.ttf in Resources */,
				EB8E1B7B820143BBA376237D /* Nunito-Italic.ttf in Resources */,
				95CD2D9394AA4FD8B184FC56 /* Nunito-Light.ttf in Resources */,
				07A496954A674C3DB9041545 /* Nunito-LightItalic.ttf in Resources */,
				A2B3511833CC42D2B563A6C8 /* Nunito-Medium.ttf in Resources */,
				31EE7B79626043278451F7C2 /* Nunito-MediumItalic.ttf in Resources */,
				DE74CF65696442438B3E3F5C /* Nunito-Regular.ttf in Resources */,
				A9294579BC314C709C083877 /* Nunito-SemiBold.ttf in Resources */,
				4FEAEB180FF94632ADFA7D7D /* Nunito-SemiBoldItalic.ttf in Resources */,
			);
			runOnlyForDeploymentPostprocessing = 0;
		};
/* End PBXResourcesBuildPhase section */

/* Begin PBXShellScriptBuildPhase section */
		00DD1BFF1BD5951E006B06BC /* Bundle React Native code and images */ = {
			isa = PBXShellScriptBuildPhase;
			buildActionMask = 2147483647;
			files = (
			);
			inputPaths = (
				"$(SRCROOT)/.xcode.env.local",
				"$(SRCROOT)/.xcode.env",
			);
			name = "Bundle React Native code and images";
			outputPaths = (
			);
			runOnlyForDeploymentPostprocessing = 0;
			shellPath = /bin/sh;
			shellScript = "set -e\n\nWITH_ENVIRONMENT=\"$REACT_NATIVE_PATH/scripts/xcode/with-environment.sh\"\nREACT_NATIVE_XCODE=\"$REACT_NATIVE_PATH/scripts/react-native-xcode.sh\"\n\n/bin/sh -c \"$WITH_ENVIRONMENT $REACT_NATIVE_XCODE\"\n";
		};
		20E79B7D1280021E4298A12B /* [CP] Copy Pods Resources */ = {
			isa = PBXShellScriptBuildPhase;
			buildActionMask = 2147483647;
			files = (
			);
			inputFileListPaths = (
				"${PODS_ROOT}/Target Support Files/Pods-EnrichedTextInputExample/Pods-EnrichedTextInputExample-resources-${CONFIGURATION}-input-files.xcfilelist",
			);
			name = "[CP] Copy Pods Resources";
			outputFileListPaths = (
				"${PODS_ROOT}/Target Support Files/Pods-EnrichedTextInputExample/Pods-EnrichedTextInputExample-resources-${CONFIGURATION}-output-files.xcfilelist",
			);
			runOnlyForDeploymentPostprocessing = 0;
			shellPath = /bin/sh;
			shellScript = "\"${PODS_ROOT}/Target Support Files/Pods-EnrichedTextInputExample/Pods-EnrichedTextInputExample-resources.sh\"\n";
			showEnvVarsInLog = 0;
		};
		31FF950657BD488E3A7B5696 /* [CP] Embed Pods Frameworks */ = {
			isa = PBXShellScriptBuildPhase;
			buildActionMask = 2147483647;
			files = (
			);
			inputFileListPaths = (
				"${PODS_ROOT}/Target Support Files/Pods-EnrichedTextInputExample/Pods-EnrichedTextInputExample-frameworks-${CONFIGURATION}-input-files.xcfilelist",
			);
			name = "[CP] Embed Pods Frameworks";
			outputFileListPaths = (
				"${PODS_ROOT}/Target Support Files/Pods-EnrichedTextInputExample/Pods-EnrichedTextInputExample-frameworks-${CONFIGURATION}-output-files.xcfilelist",
			);
			runOnlyForDeploymentPostprocessing = 0;
			shellPath = /bin/sh;
			shellScript = "\"${PODS_ROOT}/Target Support Files/Pods-EnrichedTextInputExample/Pods-EnrichedTextInputExample-frameworks.sh\"\n";
			showEnvVarsInLog = 0;
		};
		A50CE2FBC2FD9685D1D5371C /* [CP] Check Pods Manifest.lock */ = {
			isa = PBXShellScriptBuildPhase;
			buildActionMask = 2147483647;
			files = (
			);
			inputFileListPaths = (
			);
			inputPaths = (
				"${PODS_PODFILE_DIR_PATH}/Podfile.lock",
				"${PODS_ROOT}/Manifest.lock",
			);
			name = "[CP] Check Pods Manifest.lock";
			outputFileListPaths = (
			);
			outputPaths = (
				"$(DERIVED_FILE_DIR)/Pods-EnrichedTextInputExample-checkManifestLockResult.txt",
			);
			runOnlyForDeploymentPostprocessing = 0;
			shellPath = /bin/sh;
			shellScript = "diff \"${PODS_PODFILE_DIR_PATH}/Podfile.lock\" \"${PODS_ROOT}/Manifest.lock\" > /dev/null\nif [ $? != 0 ] ; then\n    # print error to STDERR\n    echo \"error: The sandbox is not in sync with the Podfile.lock. Run 'pod install' or update your CocoaPods installation.\" >&2\n    exit 1\nfi\n# This output is used by Xcode 'outputs' to avoid re-running this script phase.\necho \"SUCCESS\" > \"${SCRIPT_OUTPUT_FILE_0}\"\n";
			showEnvVarsInLog = 0;
		};
/* End PBXShellScriptBuildPhase section */

/* Begin PBXSourcesBuildPhase section */
		13B07F871A680F5B00A75B9A /* Sources */ = {
			isa = PBXSourcesBuildPhase;
			buildActionMask = 2147483647;
			files = (
				761780ED2CA45674006654EE /* AppDelegate.swift in Sources */,
			);
			runOnlyForDeploymentPostprocessing = 0;
		};
/* End PBXSourcesBuildPhase section */

/* Begin XCBuildConfiguration section */
		13B07F941A680F5B00A75B9A /* Debug */ = {
			isa = XCBuildConfiguration;
			baseConfigurationReference = DAD5D84BD1DE716702FEE320 /* Pods-EnrichedTextInputExample.debug.xcconfig */;
			buildSettings = {
				ASSETCATALOG_COMPILER_APPICON_NAME = AppIcon;
				CLANG_ENABLE_MODULES = YES;
				CURRENT_PROJECT_VERSION = 1;
				ENABLE_BITCODE = NO;
				INFOPLIST_FILE = EnrichedTextInputExample/Info.plist;
				IPHONEOS_DEPLOYMENT_TARGET = 15.1;
				LD_RUNPATH_SEARCH_PATHS = (
					"$(inherited)",
					"@executable_path/Frameworks",
				);
				MARKETING_VERSION = 1.0;
				OTHER_LDFLAGS = (
					"$(inherited)",
					"-ObjC",
					"-lc++",
				);
				PRODUCT_BUNDLE_IDENTIFIER = swmansion.enriched.example;
				PRODUCT_NAME = EnrichedTextInputExample;
				SUPPORTED_PLATFORMS = "iphoneos iphonesimulator";
				SWIFT_OPTIMIZATION_LEVEL = "-Onone";
				SWIFT_VERSION = 5.0;
				TARGETED_DEVICE_FAMILY = "1,2";
				VERSIONING_SYSTEM = "apple-generic";
			};
			name = Debug;
		};
		13B07F951A680F5B00A75B9A /* Release */ = {
			isa = XCBuildConfiguration;
			baseConfigurationReference = AA81A37139AA0F868AEDF653 /* Pods-EnrichedTextInputExample.release.xcconfig */;
			buildSettings = {
				ASSETCATALOG_COMPILER_APPICON_NAME = AppIcon;
				CLANG_ENABLE_MODULES = YES;
				CURRENT_PROJECT_VERSION = 1;
				INFOPLIST_FILE = EnrichedTextInputExample/Info.plist;
				IPHONEOS_DEPLOYMENT_TARGET = 15.1;
				LD_RUNPATH_SEARCH_PATHS = (
					"$(inherited)",
					"@executable_path/Frameworks",
				);
				MARKETING_VERSION = 1.0;
				OTHER_LDFLAGS = (
					"$(inherited)",
					"-ObjC",
					"-lc++",
				);
				PRODUCT_BUNDLE_IDENTIFIER = swmansion.enriched.example;
				PRODUCT_NAME = EnrichedTextInputExample;
				SUPPORTED_PLATFORMS = "iphoneos iphonesimulator";
				SWIFT_VERSION = 5.0;
				TARGETED_DEVICE_FAMILY = "1,2";
				VERSIONING_SYSTEM = "apple-generic";
			};
			name = Release;
		};
		83CBBA201A601CBA00E9B192 /* Debug */ = {
			isa = XCBuildConfiguration;
			buildSettings = {
				ALWAYS_SEARCH_USER_PATHS = NO;
				CLANG_ANALYZER_LOCALIZABILITY_NONLOCALIZED = YES;
				CLANG_CXX_LANGUAGE_STANDARD = "c++20";
				CLANG_CXX_LIBRARY = "libc++";
				CLANG_ENABLE_MODULES = YES;
				CLANG_ENABLE_OBJC_ARC = YES;
				CLANG_WARN_BLOCK_CAPTURE_AUTORELEASING = YES;
				CLANG_WARN_BOOL_CONVERSION = YES;
				CLANG_WARN_COMMA = YES;
				CLANG_WARN_CONSTANT_CONVERSION = YES;
				CLANG_WARN_DEPRECATED_OBJC_IMPLEMENTATIONS = YES;
				CLANG_WARN_DIRECT_OBJC_ISA_USAGE = YES_ERROR;
				CLANG_WARN_EMPTY_BODY = YES;
				CLANG_WARN_ENUM_CONVERSION = YES;
				CLANG_WARN_INFINITE_RECURSION = YES;
				CLANG_WARN_INT_CONVERSION = YES;
				CLANG_WARN_NON_LITERAL_NULL_CONVERSION = YES;
				CLANG_WARN_OBJC_IMPLICIT_RETAIN_SELF = YES;
				CLANG_WARN_OBJC_LITERAL_CONVERSION = YES;
				CLANG_WARN_OBJC_ROOT_CLASS = YES_ERROR;
				CLANG_WARN_QUOTED_INCLUDE_IN_FRAMEWORK_HEADER = YES;
				CLANG_WARN_RANGE_LOOP_ANALYSIS = YES;
				CLANG_WARN_STRICT_PROTOTYPES = YES;
				CLANG_WARN_SUSPICIOUS_MOVE = YES;
				CLANG_WARN_UNREACHABLE_CODE = YES;
				CLANG_WARN__DUPLICATE_METHOD_MATCH = YES;
				"CODE_SIGN_IDENTITY[sdk=iphoneos*]" = "iPhone Developer";
				COPY_PHASE_STRIP = NO;
				ENABLE_STRICT_OBJC_MSGSEND = YES;
				ENABLE_TESTABILITY = YES;
				"EXCLUDED_ARCHS[sdk=iphonesimulator*]" = "";
				GCC_C_LANGUAGE_STANDARD = gnu99;
				GCC_DYNAMIC_NO_PIC = NO;
				GCC_NO_COMMON_BLOCKS = YES;
				GCC_OPTIMIZATION_LEVEL = 0;
				GCC_PREPROCESSOR_DEFINITIONS = (
					"DEBUG=1",
					"$(inherited)",
				);
				GCC_SYMBOLS_PRIVATE_EXTERN = NO;
				GCC_WARN_64_TO_32_BIT_CONVERSION = YES;
				GCC_WARN_ABOUT_RETURN_TYPE = YES_ERROR;
				GCC_WARN_UNDECLARED_SELECTOR = YES;
				GCC_WARN_UNINITIALIZED_AUTOS = YES_AGGRESSIVE;
				GCC_WARN_UNUSED_FUNCTION = YES;
				GCC_WARN_UNUSED_VARIABLE = YES;
				IPHONEOS_DEPLOYMENT_TARGET = 15.1;
				LD_RUNPATH_SEARCH_PATHS = (
					/usr/lib/swift,
					"$(inherited)",
				);
				LIBRARY_SEARCH_PATHS = (
					"\"$(SDKROOT)/usr/lib/swift\"",
					"\"$(TOOLCHAIN_DIR)/usr/lib/swift/$(PLATFORM_NAME)\"",
					"\"$(inherited)\"",
				);
				MTL_ENABLE_DEBUG_INFO = YES;
				ONLY_ACTIVE_ARCH = YES;
				OTHER_CFLAGS = (
					"$(inherited)",
					"-DRCT_REMOVE_LEGACY_ARCH=1",
				);
				OTHER_CPLUSPLUSFLAGS = (
					"$(OTHER_CFLAGS)",
					"-DFOLLY_NO_CONFIG",
					"-DFOLLY_MOBILE=1",
					"-DFOLLY_USE_LIBCPP=1",
					"-DFOLLY_CFG_NO_COROUTINES=1",
					"-DFOLLY_HAVE_CLOCK_GETTIME=1",
					"-DRCT_REMOVE_LEGACY_ARCH=1",
				);
				OTHER_LDFLAGS = (
					"$(inherited)",
					" ",
				);
				PODFILE_DIR = "$(SRCROOT)";
				REACT_NATIVE_PATH = "${PODS_ROOT}/../../node_modules/react-native";
				SDKROOT = iphoneos;
				SWIFT_ACTIVE_COMPILATION_CONDITIONS = "$(inherited) DEBUG";
				SWIFT_ENABLE_EXPLICIT_MODULES = NO;
				USE_HERMES = true;
			};
			name = Debug;
		};
		83CBBA211A601CBA00E9B192 /* Release */ = {
			isa = XCBuildConfiguration;
			buildSettings = {
				ALWAYS_SEARCH_USER_PATHS = NO;
				CLANG_ANALYZER_LOCALIZABILITY_NONLOCALIZED = YES;
				CLANG_CXX_LANGUAGE_STANDARD = "c++20";
				CLANG_CXX_LIBRARY = "libc++";
				CLANG_ENABLE_MODULES = YES;
				CLANG_ENABLE_OBJC_ARC = YES;
				CLANG_WARN_BLOCK_CAPTURE_AUTORELEASING = YES;
				CLANG_WARN_BOOL_CONVERSION = YES;
				CLANG_WARN_COMMA = YES;
				CLANG_WARN_CONSTANT_CONVERSION = YES;
				CLANG_WARN_DEPRECATED_OBJC_IMPLEMENTATIONS = YES;
				CLANG_WARN_DIRECT_OBJC_ISA_USAGE = YES_ERROR;
				CLANG_WARN_EMPTY_BODY = YES;
				CLANG_WARN_ENUM_CONVERSION = YES;
				CLANG_WARN_INFINITE_RECURSION = YES;
				CLANG_WARN_INT_CONVERSION = YES;
				CLANG_WARN_NON_LITERAL_NULL_CONVERSION = YES;
				CLANG_WARN_OBJC_IMPLICIT_RETAIN_SELF = YES;
				CLANG_WARN_OBJC_LITERAL_CONVERSION = YES;
				CLANG_WARN_OBJC_ROOT_CLASS = YES_ERROR;
				CLANG_WARN_QUOTED_INCLUDE_IN_FRAMEWORK_HEADER = YES;
				CLANG_WARN_RANGE_LOOP_ANALYSIS = YES;
				CLANG_WARN_STRICT_PROTOTYPES = YES;
				CLANG_WARN_SUSPICIOUS_MOVE = YES;
				CLANG_WARN_UNREACHABLE_CODE = YES;
				CLANG_WARN__DUPLICATE_METHOD_MATCH = YES;
				"CODE_SIGN_IDENTITY[sdk=iphoneos*]" = "iPhone Developer";
				COPY_PHASE_STRIP = YES;
				ENABLE_NS_ASSERTIONS = NO;
				ENABLE_STRICT_OBJC_MSGSEND = YES;
				"EXCLUDED_ARCHS[sdk=iphonesimulator*]" = "";
				GCC_C_LANGUAGE_STANDARD = gnu99;
				GCC_NO_COMMON_BLOCKS = YES;
				GCC_WARN_64_TO_32_BIT_CONVERSION = YES;
				GCC_WARN_ABOUT_RETURN_TYPE = YES_ERROR;
				GCC_WARN_UNDECLARED_SELECTOR = YES;
				GCC_WARN_UNINITIALIZED_AUTOS = YES_AGGRESSIVE;
				GCC_WARN_UNUSED_FUNCTION = YES;
				GCC_WARN_UNUSED_VARIABLE = YES;
				IPHONEOS_DEPLOYMENT_TARGET = 15.1;
				LD_RUNPATH_SEARCH_PATHS = (
					/usr/lib/swift,
					"$(inherited)",
				);
				LIBRARY_SEARCH_PATHS = (
					"\"$(SDKROOT)/usr/lib/swift\"",
					"\"$(TOOLCHAIN_DIR)/usr/lib/swift/$(PLATFORM_NAME)\"",
					"\"$(inherited)\"",
				);
				MTL_ENABLE_DEBUG_INFO = NO;
				OTHER_CFLAGS = (
					"$(inherited)",
					"-DRCT_REMOVE_LEGACY_ARCH=1",
				);
				OTHER_CPLUSPLUSFLAGS = (
					"$(OTHER_CFLAGS)",
					"-DFOLLY_NO_CONFIG",
					"-DFOLLY_MOBILE=1",
					"-DFOLLY_USE_LIBCPP=1",
					"-DFOLLY_CFG_NO_COROUTINES=1",
					"-DFOLLY_HAVE_CLOCK_GETTIME=1",
					"-DRCT_REMOVE_LEGACY_ARCH=1",
				);
				OTHER_LDFLAGS = (
					"$(inherited)",
					" ",
				);
				PODFILE_DIR = "$(SRCROOT)";
				REACT_NATIVE_PATH = "${PODS_ROOT}/../../node_modules/react-native";
				SDKROOT = iphoneos;
				SWIFT_ENABLE_EXPLICIT_MODULES = NO;
				USE_HERMES = true;
				VALIDATE_PRODUCT = YES;
			};
			name = Release;
		};
/* End XCBuildConfiguration section */

/* Begin XCConfigurationList section */
		13B07F931A680F5B00A75B9A /* Build configuration list for PBXNativeTarget "EnrichedTextInputExample" */ = {
			isa = XCConfigurationList;
			buildConfigurations = (
				13B07F941A680F5B00A75B9A /* Debug */,
				13B07F951A680F5B00A75B9A /* Release */,
			);
			defaultConfigurationIsVisible = 0;
			defaultConfigurationName = Release;
		};
		83CBB9FA1A601CBA00E9B192 /* Build configuration list for PBXProject "EnrichedTextInputExample" */ = {
			isa = XCConfigurationList;
			buildConfigurations = (
				83CBBA201A601CBA00E9B192 /* Debug */,
				83CBBA211A601CBA00E9B192 /* Release */,
			);
			defaultConfigurationIsVisible = 0;
			defaultConfigurationName = Release;
		};
/* End XCConfigurationList section */
	};
	rootObject = 83CBB9F71A601CBA00E9B192 /* Project object */;
}
